
Microsoft Visual Studio Solution File, Format Version 12.00
# Visual Studio Version 16
VisualStudioVersion = 16.0.31205.134
MinimumVisualStudioVersion = 10.0.40219.1
Project("{FAE04EC0-301F-11D3-BF4B-00C04F79EFBC}") = "Projeto13", "Projeto13.csproj", "{E146CB7C-E967-4060-8A3A-296F6AB57394}"
EndProject
Global
	GlobalSection(SolutionConfigurationPlatforms) = preSolution
		Debug|Any CPU = Debug|Any CPU
		Release|Any CPU = Release|Any CPU
	EndGlobalSection
	GlobalSection(ProjectConfigurationPlatforms) = postSolution
		{E146CB7C-E967-4060-8A3A-296F6AB57394}.Debug|Any CPU.ActiveCfg = Debug|Any CPU
		{E146CB7C-E967-4060-8A3A-296F6AB57394}.Debug|Any CPU.Build.0 = Debug|Any CPU
		{E146CB7C-E967-4060-8A3A-296F6AB57394}.Release|Any CPU.ActiveCfg = Release|Any CPU
		{E146CB7C-E967-4060-8A3A-296F6AB57394}.Release|Any CPU.Build.0 = Release|Any CPU
	EndGlobalSection
	GlobalSection(SolutionProperties) = preSolution
		HideSolutionNode = FALSE
	EndGlobalSection
	GlobalSection(ExtensibilityGlobals) = postSolution
		SolutionGuid = {EF0FF01D-1D83-412E-8DE0-E2E09D3B80B8}
	EndGlobalSection
EndGlobal
