
Microsoft Visual Studio Solution File, Format Version 12.00
# Visual Studio Version 16
VisualStudioVersion = 16.0.31205.134
MinimumVisualStudioVersion = 10.0.40219.1
Project("{FAE04EC0-301F-11D3-BF4B-00C04F79EFBC}") = "Polimorfismo", "Polimorfismo.csproj", "{397C22F0-5A8E-4876-9CA7-D00BE85D8AF2}"
EndProject
Global
	GlobalSection(SolutionConfigurationPlatforms) = preSolution
		Debug|Any CPU = Debug|Any CPU
		Release|Any CPU = Release|Any CPU
	EndGlobalSection
	GlobalSection(ProjectConfigurationPlatforms) = postSolution
		{397C22F0-5A8E-4876-9CA7-D00BE85D8AF2}.Debug|Any CPU.ActiveCfg = Debug|Any CPU
		{397C22F0-5A8E-4876-9CA7-D00BE85D8AF2}.Debug|Any CPU.Build.0 = Debug|Any CPU
		{397C22F0-5A8E-4876-9CA7-D00BE85D8AF2}.Release|Any CPU.ActiveCfg = Release|Any CPU
		{397C22F0-5A8E-4876-9CA7-D00BE85D8AF2}.Release|Any CPU.Build.0 = Release|Any CPU
	EndGlobalSection
	GlobalSection(SolutionProperties) = preSolution
		HideSolutionNode = FALSE
	EndGlobalSection
	GlobalSection(ExtensibilityGlobals) = postSolution
		SolutionGuid = {65167127-20B4-4DEB-805A-DA583F9CE56A}
	EndGlobalSection
EndGlobal
